
Microsoft Visual Studio Solution File, Format Version 12.00
# Visual Studio 15
VisualStudioVersion = 15.0.27004.2010
MinimumVisualStudioVersion = 10.0.40219.1
Project("{9A19103F-16F7-4668-BE54-9A1E7A4F7556}") = "TerminUndRaumplanung", "TerminUndRaumplanung\TerminUndRaumplanung.csproj", "{1251464E-C080-462F-A5C6-0CF24DA1B9F2}"
EndProject
Project("{FAE04EC0-301F-11D3-BF4B-00C04F79EFBC}") = "AppData", "AppData\AppData.csproj", "{CB14E94A-54D2-4B1E-8141-A6D6D47DF7D7}"
EndProject
Project("{FAE04EC0-301F-11D3-BF4B-00C04F79EFBC}") = "AppServices", "AppServices\AppServices.csproj", "{C2064F24-50BD-49D6-A910-F4BF3F1F8B13}"
EndProject
Global
	GlobalSection(SolutionConfigurationPlatforms) = preSolution
		Debug|Any CPU = Debug|Any CPU
		Release|Any CPU = Release|Any CPU
	EndGlobalSection
	GlobalSection(ProjectConfigurationPlatforms) = postSolution
		{1251464E-C080-462F-A5C6-0CF24DA1B9F2}.Debug|Any CPU.ActiveCfg = Debug|Any CPU
		{1251464E-C080-462F-A5C6-0CF24DA1B9F2}.Debug|Any CPU.Build.0 = Debug|Any CPU
		{1251464E-C080-462F-A5C6-0CF24DA1B9F2}.Release|Any CPU.ActiveCfg = Release|Any CPU
		{1251464E-C080-462F-A5C6-0CF24DA1B9F2}.Release|Any CPU.Build.0 = Release|Any CPU
		{CB14E94A-54D2-4B1E-8141-A6D6D47DF7D7}.Debug|Any CPU.ActiveCfg = Debug|Any CPU
		{CB14E94A-54D2-4B1E-8141-A6D6D47DF7D7}.Debug|Any CPU.Build.0 = Debug|Any CPU
		{CB14E94A-54D2-4B1E-8141-A6D6D47DF7D7}.Release|Any CPU.ActiveCfg = Release|Any CPU
		{CB14E94A-54D2-4B1E-8141-A6D6D47DF7D7}.Release|Any CPU.Build.0 = Release|Any CPU
		{C2064F24-50BD-49D6-A910-F4BF3F1F8B13}.Debug|Any CPU.ActiveCfg = Debug|Any CPU
		{C2064F24-50BD-49D6-A910-F4BF3F1F8B13}.Debug|Any CPU.Build.0 = Debug|Any CPU
		{C2064F24-50BD-49D6-A910-F4BF3F1F8B13}.Release|Any CPU.ActiveCfg = Release|Any CPU
		{C2064F24-50BD-49D6-A910-F4BF3F1F8B13}.Release|Any CPU.Build.0 = Release|Any CPU
	EndGlobalSection
	GlobalSection(SolutionProperties) = preSolution
		HideSolutionNode = FALSE
	EndGlobalSection
	GlobalSection(ExtensibilityGlobals) = postSolution
		SolutionGuid = {442CB6D5-66B9-4F87-9F7F-B8C66197F3B3}
	EndGlobalSection
EndGlobal
